
Microsoft Visual Studio Solution File, Format Version 12.00
# Visual Studio 15
Project("{FAE04EC0-301F-11D3-BF4B-00C04F79EFBC}") = "Hamnen", "Hamnen.csproj", "{E9AB78AF-64A0-4000-BAA6-BE7B1D770559}"
EndProject
Global
	GlobalSection(SolutionConfigurationPlatforms) = preSolution
		Debug|Any CPU = Debug|Any CPU
		Release|Any CPU = Release|Any CPU
	EndGlobalSection
	GlobalSection(ProjectConfigurationPlatforms) = postSolution
		{E9AB78AF-64A0-4000-BAA6-BE7B1D770559}.Debug|Any CPU.ActiveCfg = Debug|Any CPU
		{E9AB78AF-64A0-4000-BAA6-BE7B1D770559}.Debug|Any CPU.Build.0 = Debug|Any CPU
		{E9AB78AF-64A0-4000-BAA6-BE7B1D770559}.Release|Any CPU.ActiveCfg = Release|Any CPU
		{E9AB78AF-64A0-4000-BAA6-BE7B1D770559}.Release|Any CPU.Build.0 = Release|Any CPU
	EndGlobalSection
EndGlobal
